{
  "name": "count-min-sketch-ts",
  "version": "1.0.0",
  "lockfileVersion": 2,
  "requires": true,
  "packages": {
    "": {
      "name": "count-min-sketch-ts",
      "version": "1.0.0",
      "license": "MIT",
      "devDependencies": {
        "@types/node": "^18.11.9",
        "k-hash": "~0.0.0",
        "typescript": "^4.6.4"
      }
    },
    "node_modules/@types/node": {
      "version": "18.11.9",
      "resolved": "https://registry.npmjs.org/@types/node/-/node-18.11.9.tgz",
      "integrity": "sha512-CRpX21/kGdzjOpFsZSkcrXMGIBWMGNIHXXBVFSH+ggkftxg+XYP20TESbh+zFvFj3EQOl5byk0HTRn1IL6hbqg==",
      "dev": true
    },
    "node_modules/hash-int": {
      "version": "0.0.0",
      "resolved": "https://registry.npmjs.org/hash-int/-/hash-int-0.0.0.tgz",
      "integrity": "sha512-lQ8SUMQj7N+Rc1RkCPydgeHbi1ZA5udlbK1lmK+boBz0Pn7EvhwPn4wKDAEZiby6UZijHk2dRZD5TYYVH59ARw==",
      "dev": true
    },
    "node_modules/k-hash": {
      "version": "0.0.0",
      "resolved": "https://registry.npmjs.org/k-hash/-/k-hash-0.0.0.tgz",
      "integrity": "sha512-7+yFMzPdL+T+i79nX6VlVelmn7VxXtqP0NCLiw7Ls9Wrf8T9Jp2sN2ct52VzG45l1nhet3XmJg4cIBVyewGCCw==",
      "dev": true,
      "dependencies": {
        "hash-int": "~0.0.0",
        "murmurhash-js": "~0.0.1"
      }
    },
    "node_modules/murmurhash-js": {
      "version": "0.0.1",
      "resolved": "https://registry.npmjs.org/murmurhash-js/-/murmurhash-js-0.0.1.tgz",
      "integrity": "sha512-aJ7GjSpXd3KlMpfRFYsK9kEYxzNaX2jhKyzzZfX6nXg8m9kz71/RTecrSFbhKs12LEcgRVu3541C18L8Z2Tu7Q==",
      "dev": true
    },
    "node_modules/typescript": {
      "version": "4.8.4",
      "resolved": "https://registry.npmjs.org/typescript/-/typescript-4.8.4.tgz",
      "integrity": "sha512-QCh+85mCy+h0IGff8r5XWzOVSbBO+KfeYrMQh7NJ58QujwcE22u+NUSmUxqF+un70P9GXKxa2HCNiTTMJknyjQ==",
      "dev": true,
      "bin": {
        "tsc": "bin/tsc",
        "tsserver": "bin/tsserver"
      },
      "engines": {
        "node": ">=4.2.0"
      }
    }
  },
  "dependencies": {
    "@types/node": {
      "version": "18.11.9",
      "resolved": "https://registry.npmjs.org/@types/node/-/node-18.11.9.tgz",
      "integrity": "sha512-CRpX21/kGdzjOpFsZSkcrXMGIBWMGNIHXXBVFSH+ggkftxg+XYP20TESbh+zFvFj3EQOl5byk0HTRn1IL6hbqg==",
      "dev": true
    },
    "hash-int": {
      "version": "0.0.0",
      "resolved": "https://registry.npmjs.org/hash-int/-/hash-int-0.0.0.tgz",
      "integrity": "sha512-lQ8SUMQj7N+Rc1RkCPydgeHbi1ZA5udlbK1lmK+boBz0Pn7EvhwPn4wKDAEZiby6UZijHk2dRZD5TYYVH59ARw==",
      "dev": true
    },
    "k-hash": {
      "version": "0.0.0",
      "resolved": "https://registry.npmjs.org/k-hash/-/k-hash-0.0.0.tgz",
      "integrity": "sha512-7+yFMzPdL+T+i79nX6VlVelmn7VxXtqP0NCLiw7Ls9Wrf8T9Jp2sN2ct52VzG45l1nhet3XmJg4cIBVyewGCCw==",
      "dev": true,
      "requires": {
        "hash-int": "~0.0.0",
        "murmurhash-js": "~0.0.1"
      }
    },
    "murmurhash-js": {
      "version": "0.0.1",
      "resolved": "https://registry.npmjs.org/murmurhash-js/-/murmurhash-js-0.0.1.tgz",
      "integrity": "sha512-aJ7GjSpXd3KlMpfRFYsK9kEYxzNaX2jhKyzzZfX6nXg8m9kz71/RTecrSFbhKs12LEcgRVu3541C18L8Z2Tu7Q==",
      "dev": true
    },
    "typescript": {
      "version": "4.8.4",
      "resolved": "https://registry.npmjs.org/typescript/-/typescript-4.8.4.tgz",
      "integrity": "sha512-QCh+85mCy+h0IGff8r5XWzOVSbBO+KfeYrMQh7NJ58QujwcE22u+NUSmUxqF+un70P9GXKxa2HCNiTTMJknyjQ==",
      "dev": true
    }
  }
}
